
Microsoft Visual Studio Solution File, Format Version 12.00
Project("{FAE04EC0-301F-11D3-BF4B-00C04F79EFBC}") = "Program", "Program\Program.csproj", "{D07B7608-466F-433A-A6F6-5CD5675335C0}"
EndProject
Project("{FAE04EC0-301F-11D3-BF4B-00C04F79EFBC}") = "ClassLibrary1", "ClassLibrary1\ClassLibrary1.csproj", "{78C37952-7389-4C7A-BA52-DF44B429C63B}"
EndProject
Project("{FAE04EC0-301F-11D3-BF4B-00C04F79EFBC}") = "TestProject1", "TestProject1\TestProject1.csproj", "{B0F74C7D-7801-497F-947E-BE59BE633126}"
EndProject
Project("{2150E333-8FDC-42A3-9474-1A3956D46DE8}") = "src", "src", "{F0608F1A-D3DB-4934-8749-5F9C5E017D6D}"
EndProject
Project("{2150E333-8FDC-42A3-9474-1A3956D46DE8}") = "UnitTest", "UnitTest", "{28577B6E-50EE-48AB-8B00-9DA6EC09FB2C}"
EndProject
Global
	GlobalSection(SolutionConfigurationPlatforms) = preSolution
		Debug|Any CPU = Debug|Any CPU
		Release|Any CPU = Release|Any CPU
	EndGlobalSection
	GlobalSection(ProjectConfigurationPlatforms) = postSolution
		{D07B7608-466F-433A-A6F6-5CD5675335C0}.Debug|Any CPU.ActiveCfg = Debug|Any CPU
		{D07B7608-466F-433A-A6F6-5CD5675335C0}.Debug|Any CPU.Build.0 = Debug|Any CPU
		{D07B7608-466F-433A-A6F6-5CD5675335C0}.Release|Any CPU.ActiveCfg = Release|Any CPU
		{D07B7608-466F-433A-A6F6-5CD5675335C0}.Release|Any CPU.Build.0 = Release|Any CPU
		{78C37952-7389-4C7A-BA52-DF44B429C63B}.Debug|Any CPU.ActiveCfg = Debug|Any CPU
		{78C37952-7389-4C7A-BA52-DF44B429C63B}.Debug|Any CPU.Build.0 = Debug|Any CPU
		{78C37952-7389-4C7A-BA52-DF44B429C63B}.Release|Any CPU.ActiveCfg = Release|Any CPU
		{78C37952-7389-4C7A-BA52-DF44B429C63B}.Release|Any CPU.Build.0 = Release|Any CPU
		{B0F74C7D-7801-497F-947E-BE59BE633126}.Debug|Any CPU.ActiveCfg = Debug|Any CPU
		{B0F74C7D-7801-497F-947E-BE59BE633126}.Debug|Any CPU.Build.0 = Debug|Any CPU
		{B0F74C7D-7801-497F-947E-BE59BE633126}.Release|Any CPU.ActiveCfg = Release|Any CPU
		{B0F74C7D-7801-497F-947E-BE59BE633126}.Release|Any CPU.Build.0 = Release|Any CPU
	EndGlobalSection
	GlobalSection(NestedProjects) = preSolution
		{78C37952-7389-4C7A-BA52-DF44B429C63B} = {F0608F1A-D3DB-4934-8749-5F9C5E017D6D}
		{B0F74C7D-7801-497F-947E-BE59BE633126} = {28577B6E-50EE-48AB-8B00-9DA6EC09FB2C}
		{D07B7608-466F-433A-A6F6-5CD5675335C0} = {F0608F1A-D3DB-4934-8749-5F9C5E017D6D}
	EndGlobalSection
EndGlobal
