
Microsoft Visual Studio Solution File, Format Version 12.00
Project("{FAE04EC0-301F-11D3-BF4B-00C04F79EFBC}") = "TestProject1", "TestProject1\TestProject1.csproj", "{B0F74C7D-7801-497F-947E-BE59BE633126}"
EndProject
Project("{2150E333-8FDC-42A3-9474-1A3956D46DE8}") = "src", "src", "{F0608F1A-D3DB-4934-8749-5F9C5E017D6D}"
EndProject
Project("{2150E333-8FDC-42A3-9474-1A3956D46DE8}") = "UnitTest", "UnitTest", "{28577B6E-50EE-48AB-8B00-9DA6EC09FB2C}"
EndProject
Project("{2150E333-8FDC-42A3-9474-1A3956D46DE8}") = "ConsoleApp1", "ConsoleApp1", "{014889E4-776D-483B-BD0D-6EBB32D59E6E}"
EndProject
Project("{2150E333-8FDC-42A3-9474-1A3956D46DE8}") = "Program", "Program", "{7F6A5166-7E8E-4CC8-ABB7-2CD8E3AC6F84}"
EndProject
Global
	GlobalSection(SolutionConfigurationPlatforms) = preSolution
		Debug|Any CPU = Debug|Any CPU
		Release|Any CPU = Release|Any CPU
	EndGlobalSection
	GlobalSection(ProjectConfigurationPlatforms) = postSolution
		{B0F74C7D-7801-497F-947E-BE59BE633126}.Debug|Any CPU.ActiveCfg = Debug|Any CPU
		{B0F74C7D-7801-497F-947E-BE59BE633126}.Debug|Any CPU.Build.0 = Debug|Any CPU
		{B0F74C7D-7801-497F-947E-BE59BE633126}.Release|Any CPU.ActiveCfg = Release|Any CPU
		{B0F74C7D-7801-497F-947E-BE59BE633126}.Release|Any CPU.Build.0 = Release|Any CPU
	EndGlobalSection
	GlobalSection(NestedProjects) = preSolution
		{B0F74C7D-7801-497F-947E-BE59BE633126} = {28577B6E-50EE-48AB-8B00-9DA6EC09FB2C}
		{014889E4-776D-483B-BD0D-6EBB32D59E6E} = {F0608F1A-D3DB-4934-8749-5F9C5E017D6D}
		{7F6A5166-7E8E-4CC8-ABB7-2CD8E3AC6F84} = {F0608F1A-D3DB-4934-8749-5F9C5E017D6D}
	EndGlobalSection
EndGlobal
